// !$*UTF8*$!
{
	archiveVersion = 1;
	classes = {
	};
	objectVersion = 50;
	objects = {

/* Begin PBXBuildFile section */
		6B50F7E8233F636E003BC66F /* AppDelegate.swift in Sources */ = {isa = PBXBuildFile; fileRef = 6B50F7E7233F636E003BC66F /* AppDelegate.swift */; };
		6B50F7EA233F636E003BC66F /* SceneDelegate.swift in Sources */ = {isa = PBXBuildFile; fileRef = 6B50F7E9233F636E003BC66F /* SceneDelegate.swift */; };
		6B50F7EE233F636F003BC66F /* Assets.xcassets in Resources */ = {isa = PBXBuildFile; fileRef = 6B50F7ED233F636F003BC66F /* Assets.xcassets */; };
		6B50F7F1233F636F003BC66F /* Preview Assets.xcassets in Resources */ = {isa = PBXBuildFile; fileRef = 6B50F7F0233F636F003BC66F /* Preview Assets.xcassets */; };
		6B50F7F4233F636F003BC66F /* LaunchScreen.storyboard in Resources */ = {isa = PBXBuildFile; fileRef = 6B50F7F2233F636F003BC66F /* LaunchScreen.storyboard */; };
		6B50F7FC233F63CB003BC66F /* HikeView.swift in Sources */ = {isa = PBXBuildFile; fileRef = 6B50F7FB233F63CB003BC66F /* HikeView.swift */; };
		6B50F7FE233F6522003BC66F /* Hike.swift in Sources */ = {isa = PBXBuildFile; fileRef = 6B50F7FD233F6522003BC66F /* Hike.swift */; };
		6B50F800233F66FC003BC66F /* HikeGraph.swift in Sources */ = {isa = PBXBuildFile; fileRef = 6B50F7FF233F66FC003BC66F /* HikeGraph.swift */; };
		6B50F805233F6B63003BC66F /* Data.swift in Sources */ = {isa = PBXBuildFile; fileRef = 6B50F802233F6B63003BC66F /* Data.swift */; };
		6B50F806233F6B63003BC66F /* UserData.swift in Sources */ = {isa = PBXBuildFile; fileRef = 6B50F803233F6B63003BC66F /* UserData.swift */; };
		6B50F807233F6B63003BC66F /* Landmark.swift in Sources */ = {isa = PBXBuildFile; fileRef = 6B50F804233F6B63003BC66F /* Landmark.swift */; };
		6B50F809233F6B7A003BC66F /* hikeData.json in Resources */ = {isa = PBXBuildFile; fileRef = 6B50F808233F6B7A003BC66F /* hikeData.json */; };
		6B50F80B233F6BE3003BC66F /* GraphCapsule.swift in Sources */ = {isa = PBXBuildFile; fileRef = 6B50F80A233F6BE3003BC66F /* GraphCapsule.swift */; };
		6B50F80D233F6D33003BC66F /* HikeDetail.swift in Sources */ = {isa = PBXBuildFile; fileRef = 6B50F80C233F6D33003BC66F /* HikeDetail.swift */; };
/* End PBXBuildFile section */

/* Begin PBXFileReference section */
		6B50F7E4233F636E003BC66F /* Animating Views and Transitions.app */ = {isa = PBXFileReference; explicitFileType = wrapper.application; includeInIndex = 0; path = "Animating Views and Transitions.app"; sourceTree = BUILT_PRODUCTS_DIR; };
		6B50F7E7233F636E003BC66F /* AppDelegate.swift */ = {isa = PBXFileReference; lastKnownFileType = sourcecode.swift; path = AppDelegate.swift; sourceTree = "<group>"; };
		6B50F7E9233F636E003BC66F /* SceneDelegate.swift */ = {isa = PBXFileReference; lastKnownFileType = sourcecode.swift; path = SceneDelegate.swift; sourceTree = "<group>"; };
		6B50F7ED233F636F003BC66F /* Assets.xcassets */ = {isa = PBXFileReference; lastKnownFileType = folder.assetcatalog; path = Assets.xcassets; sourceTree = "<group>"; };
		6B50F7F0233F636F003BC66F /* Preview Assets.xcassets */ = {isa = PBXFileReference; lastKnownFileType = folder.assetcatalog; path = "Preview Assets.xcassets"; sourceTree = "<group>"; };
		6B50F7F3233F636F003BC66F /* Base */ = {isa = PBXFileReference; lastKnownFileType = file.storyboard; name = Base; path = Base.lproj/LaunchScreen.storyboard; sourceTree = "<group>"; };
		6B50F7F5233F636F003BC66F /* Info.plist */ = {isa = PBXFileReference; lastKnownFileType = text.plist.xml; path = Info.plist; sourceTree = "<group>"; };
		6B50F7FB233F63CB003BC66F /* HikeView.swift */ = {isa = PBXFileReference; lastKnownFileType = sourcecode.swift; path = HikeView.swift; sourceTree = "<group>"; };
		6B50F7FD233F6522003BC66F /* Hike.swift */ = {isa = PBXFileReference; lastKnownFileType = sourcecode.swift; path = Hike.swift; sourceTree = "<group>"; };
		6B50F7FF233F66FC003BC66F /* HikeGraph.swift */ = {isa = PBXFileReference; lastKnownFileType = sourcecode.swift; path = HikeGraph.swift; sourceTree = "<group>"; };
		6B50F802233F6B63003BC66F /* Data.swift */ = {isa = PBXFileReference; fileEncoding = 4; lastKnownFileType = sourcecode.swift; path = Data.swift; sourceTree = "<group>"; };
		6B50F803233F6B63003BC66F /* UserData.swift */ = {isa = PBXFileReference; fileEncoding = 4; lastKnownFileType = sourcecode.swift; path = UserData.swift; sourceTree = "<group>"; };
		6B50F804233F6B63003BC66F /* Landmark.swift */ = {isa = PBXFileReference; fileEncoding = 4; lastKnownFileType = sourcecode.swift; path = Landmark.swift; sourceTree = "<group>"; };
		6B50F808233F6B7A003BC66F /* hikeData.json */ = {isa = PBXFileReference; fileEncoding = 4; lastKnownFileType = text.json; path = hikeData.json; sourceTree = "<group>"; };
		6B50F80A233F6BE3003BC66F /* GraphCapsule.swift */ = {isa = PBXFileReference; lastKnownFileType = sourcecode.swift; path = GraphCapsule.swift; sourceTree = "<group>"; };
		6B50F80C233F6D33003BC66F /* HikeDetail.swift */ = {isa = PBXFileReference; lastKnownFileType = sourcecode.swift; path = HikeDetail.swift; sourceTree = "<group>"; };
/* End PBXFileReference section */

/* Begin PBXFrameworksBuildPhase section */
		6B50F7E1233F636E003BC66F /* Frameworks */ = {
			isa = PBXFrameworksBuildPhase;
			buildActionMask = 2147483647;
			files = (
			);
			runOnlyForDeploymentPostprocessing = 0;
		};
/* End PBXFrameworksBuildPhase section */

/* Begin PBXGroup section */
		6B50F7DB233F636E003BC66F = {
			isa = PBXGroup;
			children = (
				6B50F7E6233F636E003BC66F /* Animating Views and Transitions */,
				6B50F7E5233F636E003BC66F /* Products */,
			);
			sourceTree = "<group>";
		};
		6B50F7E5233F636E003BC66F /* Products */ = {
			isa = PBXGroup;
			children = (
				6B50F7E4233F636E003BC66F /* Animating Views and Transitions.app */,
			);
			name = Products;
			sourceTree = "<group>";
		};
		6B50F7E6233F636E003BC66F /* Animating Views and Transitions */ = {
			isa = PBXGroup;
			children = (
				6B50F801233F6B63003BC66F /* Models */,
				6B50F7E7233F636E003BC66F /* AppDelegate.swift */,
				6B50F7E9233F636E003BC66F /* SceneDelegate.swift */,
				6B50F7FB233F63CB003BC66F /* HikeView.swift */,
				6B50F80C233F6D33003BC66F /* HikeDetail.swift */,
				6B50F7FD233F6522003BC66F /* Hike.swift */,
				6B50F7FF233F66FC003BC66F /* HikeGraph.swift */,
				6B50F80A233F6BE3003BC66F /* GraphCapsule.swift */,
				6B50F808233F6B7A003BC66F /* hikeData.json */,
				6B50F7ED233F636F003BC66F /* Assets.xcassets */,
				6B50F7F2233F636F003BC66F /* LaunchScreen.storyboard */,
				6B50F7F5233F636F003BC66F /* Info.plist */,
				6B50F7EF233F636F003BC66F /* Preview Content */,
			);
			path = "Animating Views and Transitions";
			sourceTree = "<group>";
		};
		6B50F7EF233F636F003BC66F /* Preview Content */ = {
			isa = PBXGroup;
			children = (
				6B50F7F0233F636F003BC66F /* Preview Assets.xcassets */,
			);
			path = "Preview Content";
			sourceTree = "<group>";
		};
		6B50F801233F6B63003BC66F /* Models */ = {
			isa = PBXGroup;
			children = (
				6B50F802233F6B63003BC66F /* Data.swift */,
				6B50F803233F6B63003BC66F /* UserData.swift */,
				6B50F804233F6B63003BC66F /* Landmark.swift */,
			);
			path = Models;
			sourceTree = "<group>";
		};
/* End PBXGroup section */

/* Begin PBXNativeTarget section */
		6B50F7E3233F636E003BC66F /* Animating Views and Transitions */ = {
			isa = PBXNativeTarget;
			buildConfigurationList = 6B50F7F8233F636F003BC66F /* Build configuration list for PBXNativeTarget "Animating Views and Transitions" */;
			buildPhases = (
				6B50F7E0233F636E003BC66F /* Sources */,
				6B50F7E1233F636E003BC66F /* Frameworks */,
				6B50F7E2233F636E003BC66F /* Resources */,
			);
			buildRules = (
			);
			dependencies = (
			);
			name = "Animating Views and Transitions";
			productName = "Animating Views and Transitions";
			productReference = 6B50F7E4233F636E003BC66F /* Animating Views and Transitions.app */;
			productType = "com.apple.product-type.application";
		};
/* End PBXNativeTarget section */

/* Begin PBXProject section */
		6B50F7DC233F636E003BC66F /* Project object */ = {
			isa = PBXProject;
			attributes = {
				LastSwiftUpdateCheck = 1100;
				LastUpgradeCheck = 1100;
				ORGANIZATIONNAME = LeonKang;
				TargetAttributes = {
					6B50F7E3233F636E003BC66F = {
						CreatedOnToolsVersion = 11.0;
					};
				};
			};
			buildConfigurationList = 6B50F7DF233F636E003BC66F /* Build configuration list for PBXProject "Animating Views and Transitions" */;
			compatibilityVersion = "Xcode 9.3";
			developmentRegion = en;
			hasScannedForEncodings = 0;
			knownRegions = (
				en,
				Base,
			);
			mainGroup = 6B50F7DB233F636E003BC66F;
			productRefGroup = 6B50F7E5233F636E003BC66F /* Products */;
			projectDirPath = "";
			projectRoot = "";
			targets = (
				6B50F7E3233F636E003BC66F /* Animating Views and Transitions */,
			);
		};
/* End PBXProject section */

/* Begin PBXResourcesBuildPhase section */
		6B50F7E2233F636E003BC66F /* Resources */ = {
			isa = PBXResourcesBuildPhase;
			buildActionMask = 2147483647;
			files = (
				6B50F809233F6B7A003BC66F /* hikeData.json in Resources */,
				6B50F7F4233F636F003BC66F /* LaunchScreen.storyboard in Resources */,
				6B50F7F1233F636F003BC66F /* Preview Assets.xcassets in Resources */,
				6B50F7EE233F636F003BC66F /* Assets.xcassets in Resources */,
			);
			runOnlyForDeploymentPostprocessing = 0;
		};
/* End PBXResourcesBuildPhase section */

/* Begin PBXSourcesBuildPhase section */
		6B50F7E0233F636E003BC66F /* Sources */ = {
			isa = PBXSourcesBuildPhase;
			buildActionMask = 2147483647;
			files = (
				6B50F80B233F6BE3003BC66F /* GraphCapsule.swift in Sources */,
				6B50F805233F6B63003BC66F /* Data.swift in Sources */,
				6B50F7FE233F6522003BC66F /* Hike.swift in Sources */,
				6B50F806233F6B63003BC66F /* UserData.swift in Sources */,
				6B50F800233F66FC003BC66F /* HikeGraph.swift in Sources */,
				6B50F7E8233F636E003BC66F /* AppDelegate.swift in Sources */,
				6B50F807233F6B63003BC66F /* Landmark.swift in Sources */,
				6B50F80D233F6D33003BC66F /* HikeDetail.swift in Sources */,
				6B50F7FC233F63CB003BC66F /* HikeView.swift in Sources */,
				6B50F7EA233F636E003BC66F /* SceneDelegate.swift in Sources */,
			);
			runOnlyForDeploymentPostprocessing = 0;
		};
/* End PBXSourcesBuildPhase section */

/* Begin PBXVariantGroup section */
		6B50F7F2233F636F003BC66F /* LaunchScreen.storyboard */ = {
			isa = PBXVariantGroup;
			children = (
				6B50F7F3233F636F003BC66F /* Base */,
			);
			name = LaunchScreen.storyboard;
			sourceTree = "<group>";
		};
/* End PBXVariantGroup section */

/* Begin XCBuildConfiguration section */
		6B50F7F6233F636F003BC66F /* Debug */ = {
			isa = XCBuildConfiguration;
			buildSettings = {
				ALWAYS_SEARCH_USER_PATHS = NO;
				CLANG_ANALYZER_NONNULL = YES;
				CLANG_ANALYZER_NUMBER_OBJECT_CONVERSION = YES_AGGRESSIVE;
				CLANG_CXX_LANGUAGE_STANDARD = "gnu++14";
				CLANG_CXX_LIBRARY = "libc++";
				CLANG_ENABLE_MODULES = YES;
				CLANG_ENABLE_OBJC_ARC = YES;
				CLANG_ENABLE_OBJC_WEAK = YES;
				CLANG_WARN_BLOCK_CAPTURE_AUTORELEASING = YES;
				CLANG_WARN_BOOL_CONVERSION = YES;
				CLANG_WARN_COMMA = YES;
				CLANG_WARN_CONSTANT_CONVERSION = YES;
				CLANG_WARN_DEPRECATED_OBJC_IMPLEMENTATIONS = YES;
				CLANG_WARN_DIRECT_OBJC_ISA_USAGE = YES_ERROR;
				CLANG_WARN_DOCUMENTATION_COMMENTS = YES;
				CLANG_WARN_EMPTY_BODY = YES;
				CLANG_WARN_ENUM_CONVERSION = YES;
				CLANG_WARN_INFINITE_RECURSION = YES;
				CLANG_WARN_INT_CONVERSION = YES;
				CLANG_WARN_NON_LITERAL_NULL_CONVERSION = YES;
				CLANG_WARN_OBJC_IMPLICIT_RETAIN_SELF = YES;
				CLANG_WARN_OBJC_LITERAL_CONVERSION = YES;
				CLANG_WARN_OBJC_ROOT_CLASS = YES_ERROR;
				CLANG_WARN_RANGE_LOOP_ANALYSIS = YES;
				CLANG_WARN_STRICT_PROTOTYPES = YES;
				CLANG_WARN_SUSPICIOUS_MOVE = YES;
				CLANG_WARN_UNGUARDED_AVAILABILITY = YES_AGGRESSIVE;
				CLANG_WARN_UNREACHABLE_CODE = YES;
				CLANG_WARN__DUPLICATE_METHOD_MATCH = YES;
				COPY_PHASE_STRIP = NO;
				DEBUG_INFORMATION_FORMAT = dwarf;
				ENABLE_STRICT_OBJC_MSGSEND = YES;
				ENABLE_TESTABILITY = YES;
				GCC_C_LANGUAGE_STANDARD = gnu11;
				GCC_DYNAMIC_NO_PIC = NO;
				GCC_NO_COMMON_BLOCKS = YES;
				GCC_OPTIMIZATION_LEVEL = 0;
				GCC_PREPROCESSOR_DEFINITIONS = (
					"DEBUG=1",
					"$(inherited)",
				);
				GCC_WARN_64_TO_32_BIT_CONVERSION = YES;
				GCC_WARN_ABOUT_RETURN_TYPE = YES_ERROR;
				GCC_WARN_UNDECLARED_SELECTOR = YES;
				GCC_WARN_UNINITIALIZED_AUTOS = YES_AGGRESSIVE;
				GCC_WARN_UNUSED_FUNCTION = YES;
				GCC_WARN_UNUSED_VARIABLE = YES;
				IPHONEOS_DEPLOYMENT_TARGET = 13.0;
				MTL_ENABLE_DEBUG_INFO = INCLUDE_SOURCE;
				MTL_FAST_MATH = YES;
				ONLY_ACTIVE_ARCH = YES;
				SDKROOT = iphoneos;
				SWIFT_ACTIVE_COMPILATION_CONDITIONS = DEBUG;
				SWIFT_OPTIMIZATION_LEVEL = "-Onone";
			};
			name = Debug;
		};
		6B50F7F7233F636F003BC66F /* Release */ = {
			isa = XCBuildConfiguration;
			buildSettings = {
				ALWAYS_SEARCH_USER_PATHS = NO;
				CLANG_ANALYZER_NONNULL = YES;
				CLANG_ANALYZER_NUMBER_OBJECT_CONVERSION = YES_AGGRESSIVE;
				CLANG_CXX_LANGUAGE_STANDARD = "gnu++14";
				CLANG_CXX_LIBRARY = "libc++";
				CLANG_ENABLE_MODULES = YES;
				CLANG_ENABLE_OBJC_ARC = YES;
				CLANG_ENABLE_OBJC_WEAK = YES;
				CLANG_WARN_BLOCK_CAPTURE_AUTORELEASING = YES;
				CLANG_WARN_BOOL_CONVERSION = YES;
				CLANG_WARN_COMMA = YES;
				CLANG_WARN_CONSTANT_CONVERSION = YES;
				CLANG_WARN_DEPRECATED_OBJC_IMPLEMENTATIONS = YES;
				CLANG_WARN_DIRECT_OBJC_ISA_USAGE = YES_ERROR;
				CLANG_WARN_DOCUMENTATION_COMMENTS = YES;
				CLANG_WARN_EMPTY_BODY = YES;
				CLANG_WARN_ENUM_CONVERSION = YES;
				CLANG_WARN_INFINITE_RECURSION = YES;
				CLANG_WARN_INT_CONVERSION = YES;
				CLANG_WARN_NON_LITERAL_NULL_CONVERSION = YES;
				CLANG_WARN_OBJC_IMPLICIT_RETAIN_SELF = YES;
				CLANG_WARN_OBJC_LITERAL_CONVERSION = YES;
				CLANG_WARN_OBJC_ROOT_CLASS = YES_ERROR;
				CLANG_WARN_RANGE_LOOP_ANALYSIS = YES;
				CLANG_WARN_STRICT_PROTOTYPES = YES;
				CLANG_WARN_SUSPICIOUS_MOVE = YES;
				CLANG_WARN_UNGUARDED_AVAILABILITY = YES_AGGRESSIVE;
				CLANG_WARN_UNREACHABLE_CODE = YES;
				CLANG_WARN__DUPLICATE_METHOD_MATCH = YES;
				COPY_PHASE_STRIP = NO;
				DEBUG_INFORMATION_FORMAT = "dwarf-with-dsym";
				ENABLE_NS_ASSERTIONS = NO;
				ENABLE_STRICT_OBJC_MSGSEND = YES;
				GCC_C_LANGUAGE_STANDARD = gnu11;
				GCC_NO_COMMON_BLOCKS = YES;
				GCC_WARN_64_TO_32_BIT_CONVERSION = YES;
				GCC_WARN_ABOUT_RETURN_TYPE = YES_ERROR;
				GCC_WARN_UNDECLARED_SELECTOR = YES;
				GCC_WARN_UNINITIALIZED_AUTOS = YES_AGGRESSIVE;
				GCC_WARN_UNUSED_FUNCTION = YES;
				GCC_WARN_UNUSED_VARIABLE = YES;
				IPHONEOS_DEPLOYMENT_TARGET = 13.0;
				MTL_ENABLE_DEBUG_INFO = NO;
				MTL_FAST_MATH = YES;
				SDKROOT = iphoneos;
				SWIFT_COMPILATION_MODE = wholemodule;
				SWIFT_OPTIMIZATION_LEVEL = "-O";
				VALIDATE_PRODUCT = YES;
			};
			name = Release;
		};
		6B50F7F9233F636F003BC66F /* Debug */ = {
			isa = XCBuildConfiguration;
			buildSettings = {
				ASSETCATALOG_COMPILER_APPICON_NAME = AppIcon;
				CODE_SIGN_STYLE = Automatic;
				DEVELOPMENT_ASSET_PATHS = "\"Animating Views and Transitions/Preview Content\"";
				DEVELOPMENT_TEAM = XX5K3QH3UW;
				ENABLE_PREVIEWS = YES;
				INFOPLIST_FILE = "Animating Views and Transitions/Info.plist";
				LD_RUNPATH_SEARCH_PATHS = (
					"$(inherited)",
					"@executable_path/Frameworks",
				);
				PRODUCT_BUNDLE_IDENTIFIER = "per.kl.Animating-Views-and-Transitions";
				PRODUCT_NAME = "$(TARGET_NAME)";
				SWIFT_VERSION = 5.0;
				TARGETED_DEVICE_FAMILY = "1,2";
			};
			name = Debug;
		};
		6B50F7FA233F636F003BC66F /* Release */ = {
			isa = XCBuildConfiguration;
			buildSettings = {
				ASSETCATALOG_COMPILER_APPICON_NAME = AppIcon;
				CODE_SIGN_STYLE = Automatic;
				DEVELOPMENT_ASSET_PATHS = "\"Animating Views and Transitions/Preview Content\"";
				DEVELOPMENT_TEAM = XX5K3QH3UW;
				ENABLE_PREVIEWS = YES;
				INFOPLIST_FILE = "Animating Views and Transitions/Info.plist";
				LD_RUNPATH_SEARCH_PATHS = (
					"$(inherited)",
					"@executable_path/Frameworks",
				);
				PRODUCT_BUNDLE_IDENTIFIER = "per.kl.Animating-Views-and-Transitions";
				PRODUCT_NAME = "$(TARGET_NAME)";
				SWIFT_VERSION = 5.0;
				TARGETED_DEVICE_FAMILY = "1,2";
			};
			name = Release;
		};
/* End XCBuildConfiguration section */

/* Begin XCConfigurationList section */
		6B50F7DF233F636E003BC66F /* Build configuration list for PBXProject "Animating Views and Transitions" */ = {
			isa = XCConfigurationList;
			buildConfigurations = (
				6B50F7F6233F636F003BC66F /* Debug */,
				6B50F7F7233F636F003BC66F /* Release */,
			);
			defaultConfigurationIsVisible = 0;
			defaultConfigurationName = Release;
		};
		6B50F7F8233F636F003BC66F /* Build configuration list for PBXNativeTarget "Animating Views and Transitions" */ = {
			isa = XCConfigurationList;
			buildConfigurations = (
				6B50F7F9233F636F003BC66F /* Debug */,
				6B50F7FA233F636F003BC66F /* Release */,
			);
			defaultConfigurationIsVisible = 0;
			defaultConfigurationName = Release;
		};
/* End XCConfigurationList section */
	};
	rootObject = 6B50F7DC233F636E003BC66F /* Project object */;
}
